// !$*UTF8*$!
{
	archiveVersion = 1;
	classes = {
	};
	objectVersion = 51;
	objects = {

/* Begin PBXBuildFile section */
		4A380A2041CE5DAE96F70A51 /* Pods_SnapChat.framework in Frameworks */ = {isa = PBXBuildFile; fileRef = 781FCF422B851F2B74C89803 /* Pods_SnapChat.framework */; };
		88485082267437F300C1C74E /* SnapViewController.swift in Sources */ = {isa = PBXBuildFile; fileRef = 88485081267437F300C1C74E /* SnapViewController.swift */; };
		8848508426743EF400C1C74E /* CapturePhotoViewController.swift in Sources */ = {isa = PBXBuildFile; fileRef = 8848508326743EF400C1C74E /* CapturePhotoViewController.swift */; };
		884E47212673019600676D83 /* ExtensionUIViewController.swift in Sources */ = {isa = PBXBuildFile; fileRef = 884E47202673019600676D83 /* ExtensionUIViewController.swift */; };
		88A0AFC42671A68800A367A0 /* AppDelegate.swift in Sources */ = {isa = PBXBuildFile; fileRef = 88A0AFC32671A68800A367A0 /* AppDelegate.swift */; };
		88A0AFC62671A68800A367A0 /* SceneDelegate.swift in Sources */ = {isa = PBXBuildFile; fileRef = 88A0AFC52671A68800A367A0 /* SceneDelegate.swift */; };
		88A0AFC82671A68800A367A0 /* HomeViewController.swift in Sources */ = {isa = PBXBuildFile; fileRef = 88A0AFC72671A68800A367A0 /* HomeViewController.swift */; };
		88A0AFCB2671A68800A367A0 /* Main.storyboard in Resources */ = {isa = PBXBuildFile; fileRef = 88A0AFC92671A68800A367A0 /* Main.storyboard */; };
		88A0AFCD2671A68B00A367A0 /* Assets.xcassets in Resources */ = {isa = PBXBuildFile; fileRef = 88A0AFCC2671A68B00A367A0 /* Assets.xcassets */; };
		88A0AFD02671A68B00A367A0 /* LaunchScreen.storyboard in Resources */ = {isa = PBXBuildFile; fileRef = 88A0AFCE2671A68B00A367A0 /* LaunchScreen.storyboard */; };
		88A0AFD82671A7F100A367A0 /* GoogleService-Info.plist in Resources */ = {isa = PBXBuildFile; fileRef = 88A0AFD72671A7F100A367A0 /* GoogleService-Info.plist */; };
		88A0AFDB2671B62700A367A0 /* LoginViewController.swift in Sources */ = {isa = PBXBuildFile; fileRef = 88A0AFDA2671B62700A367A0 /* LoginViewController.swift */; };
		88A0AFDD2671B65900A367A0 /* AccountCreateViewController.swift in Sources */ = {isa = PBXBuildFile; fileRef = 88A0AFDC2671B65900A367A0 /* AccountCreateViewController.swift */; };
		88A0AFE02671C68200A367A0 /* Alert.swift in Sources */ = {isa = PBXBuildFile; fileRef = 88A0AFDF2671C68200A367A0 /* Alert.swift */; };
/* End PBXBuildFile section */

/* Begin PBXFileReference section */
		604AB6F547CE4DF607D699ED /* Pods-SnapChat.debug.xcconfig */ = {isa = PBXFileReference; includeInIndex = 1; lastKnownFileType = text.xcconfig; name = "Pods-SnapChat.debug.xcconfig"; path = "Target Support Files/Pods-SnapChat/Pods-SnapChat.debug.xcconfig"; sourceTree = "<group>"; };
		781FCF422B851F2B74C89803 /* Pods_SnapChat.framework */ = {isa = PBXFileReference; explicitFileType = wrapper.framework; includeInIndex = 0; path = Pods_SnapChat.framework; sourceTree = BUILT_PRODUCTS_DIR; };
		88485081267437F300C1C74E /* SnapViewController.swift */ = {isa = PBXFileReference; lastKnownFileType = sourcecode.swift; path = SnapViewController.swift; sourceTree = "<group>"; };
		8848508326743EF400C1C74E /* CapturePhotoViewController.swift */ = {isa = PBXFileReference; lastKnownFileType = sourcecode.swift; path = CapturePhotoViewController.swift; sourceTree = "<group>"; };
		884E47202673019600676D83 /* ExtensionUIViewController.swift */ = {isa = PBXFileReference; lastKnownFileType = sourcecode.swift; path = ExtensionUIViewController.swift; sourceTree = "<group>"; };
		88A0AFC02671A68800A367A0 /* SnapChat.app */ = {isa = PBXFileReference; explicitFileType = wrapper.application; includeInIndex = 0; path = SnapChat.app; sourceTree = BUILT_PRODUCTS_DIR; };
		88A0AFC32671A68800A367A0 /* AppDelegate.swift */ = {isa = PBXFileReference; lastKnownFileType = sourcecode.swift; path = AppDelegate.swift; sourceTree = "<group>"; };
		88A0AFC52671A68800A367A0 /* SceneDelegate.swift */ = {isa = PBXFileReference; lastKnownFileType = sourcecode.swift; path = SceneDelegate.swift; sourceTree = "<group>"; };
		88A0AFC72671A68800A367A0 /* HomeViewController.swift */ = {isa = PBXFileReference; lastKnownFileType = sourcecode.swift; path = HomeViewController.swift; sourceTree = "<group>"; };
		88A0AFCA2671A68800A367A0 /* Base */ = {isa = PBXFileReference; lastKnownFileType = file.storyboard; name = Base; path = Base.lproj/Main.storyboard; sourceTree = "<group>"; };
		88A0AFCC2671A68B00A367A0 /* Assets.xcassets */ = {isa = PBXFileReference; lastKnownFileType = folder.assetcatalog; path = Assets.xcassets; sourceTree = "<group>"; };
		88A0AFCF2671A68B00A367A0 /* Base */ = {isa = PBXFileReference; lastKnownFileType = file.storyboard; name = Base; path = Base.lproj/LaunchScreen.storyboard; sourceTree = "<group>"; };
		88A0AFD12671A68B00A367A0 /* Info.plist */ = {isa = PBXFileReference; lastKnownFileType = text.plist.xml; path = Info.plist; sourceTree = "<group>"; };
		88A0AFD72671A7F100A367A0 /* GoogleService-Info.plist */ = {isa = PBXFileReference; lastKnownFileType = text.plist; path = "GoogleService-Info.plist"; sourceTree = SOURCE_ROOT; };
		88A0AFD92671A90B00A367A0 /* SnapChat.entitlements */ = {isa = PBXFileReference; lastKnownFileType = text.plist.entitlements; path = SnapChat.entitlements; sourceTree = "<group>"; };
		88A0AFDA2671B62700A367A0 /* LoginViewController.swift */ = {isa = PBXFileReference; lastKnownFileType = sourcecode.swift; path = LoginViewController.swift; sourceTree = "<group>"; };
		88A0AFDC2671B65900A367A0 /* AccountCreateViewController.swift */ = {isa = PBXFileReference; lastKnownFileType = sourcecode.swift; path = AccountCreateViewController.swift; sourceTree = "<group>"; };
		88A0AFDF2671C68200A367A0 /* Alert.swift */ = {isa = PBXFileReference; lastKnownFileType = sourcecode.swift; path = Alert.swift; sourceTree = "<group>"; };
		DBA3B57E9F0757247F3DD1C4 /* Pods-SnapChat.release.xcconfig */ = {isa = PBXFileReference; includeInIndex = 1; lastKnownFileType = text.xcconfig; name = "Pods-SnapChat.release.xcconfig"; path = "Target Support Files/Pods-SnapChat/Pods-SnapChat.release.xcconfig"; sourceTree = "<group>"; };
/* End PBXFileReference section */

/* Begin PBXFrameworksBuildPhase section */
		88A0AFBD2671A68800A367A0 /* Frameworks */ = {
			isa = PBXFrameworksBuildPhase;
			buildActionMask = 2147483647;
			files = (
				4A380A2041CE5DAE96F70A51 /* Pods_SnapChat.framework in Frameworks */,
			);
			runOnlyForDeploymentPostprocessing = 0;
		};
/* End PBXFrameworksBuildPhase section */

/* Begin PBXGroup section */
		6D34FDF9B64D980D3EEB9FF8 /* Pods */ = {
			isa = PBXGroup;
			children = (
				604AB6F547CE4DF607D699ED /* Pods-SnapChat.debug.xcconfig */,
				DBA3B57E9F0757247F3DD1C4 /* Pods-SnapChat.release.xcconfig */,
			);
			path = Pods;
			sourceTree = "<group>";
		};
		884850802674308600C1C74E /* Home */ = {
			isa = PBXGroup;
			children = (
				88A0AFC72671A68800A367A0 /* HomeViewController.swift */,
			);
			path = Home;
			sourceTree = "<group>";
		};
		884E47182672EC1F00676D83 /* Model */ = {
			isa = PBXGroup;
			children = (
			);
			path = Model;
			sourceTree = "<group>";
		};
		884E47192672EC2B00676D83 /* View */ = {
			isa = PBXGroup;
			children = (
				88A0AFC92671A68800A367A0 /* Main.storyboard */,
			);
			path = View;
			sourceTree = "<group>";
		};
		884E471A2672EC3200676D83 /* Controller */ = {
			isa = PBXGroup;
			children = (
				8848508326743EF400C1C74E /* CapturePhotoViewController.swift */,
				884850802674308600C1C74E /* Home */,
				884E471D2672FB3400676D83 /* Snap */,
				884E471C2672ECB400676D83 /* Login */,
				884E471B2672EC6500676D83 /* CreateUser */,
			);
			path = Controller;
			sourceTree = "<group>";
		};
		884E471B2672EC6500676D83 /* CreateUser */ = {
			isa = PBXGroup;
			children = (
				88A0AFDC2671B65900A367A0 /* AccountCreateViewController.swift */,
			);
			path = CreateUser;
			sourceTree = "<group>";
		};
		884E471C2672ECB400676D83 /* Login */ = {
			isa = PBXGroup;
			children = (
				88A0AFDA2671B62700A367A0 /* LoginViewController.swift */,
			);
			path = Login;
			sourceTree = "<group>";
		};
		884E471D2672FB3400676D83 /* Snap */ = {
			isa = PBXGroup;
			children = (
				88485081267437F300C1C74E /* SnapViewController.swift */,
			);
			path = Snap;
			sourceTree = "<group>";
		};
		88A0AFB72671A68800A367A0 = {
			isa = PBXGroup;
			children = (
				88A0AFC22671A68800A367A0 /* SnapChat */,
				88A0AFC12671A68800A367A0 /* Products */,
				6D34FDF9B64D980D3EEB9FF8 /* Pods */,
				E6D295E7CBEA33582E2CD712 /* Frameworks */,
			);
			sourceTree = "<group>";
		};
		88A0AFC12671A68800A367A0 /* Products */ = {
			isa = PBXGroup;
			children = (
				88A0AFC02671A68800A367A0 /* SnapChat.app */,
			);
			name = Products;
			sourceTree = "<group>";
		};
		88A0AFC22671A68800A367A0 /* SnapChat */ = {
			isa = PBXGroup;
			children = (
				884E47182672EC1F00676D83 /* Model */,
				884E47192672EC2B00676D83 /* View */,
				884E471A2672EC3200676D83 /* Controller */,
				88A0AFDE2671C67000A367A0 /* Common */,
				88A0AFD92671A90B00A367A0 /* SnapChat.entitlements */,
				88A0AFC32671A68800A367A0 /* AppDelegate.swift */,
				88A0AFC52671A68800A367A0 /* SceneDelegate.swift */,
				88A0AFCC2671A68B00A367A0 /* Assets.xcassets */,
				88A0AFCE2671A68B00A367A0 /* LaunchScreen.storyboard */,
				88A0AFD12671A68B00A367A0 /* Info.plist */,
				88A0AFD72671A7F100A367A0 /* GoogleService-Info.plist */,
			);
			path = SnapChat;
			sourceTree = "<group>";
		};
		88A0AFDE2671C67000A367A0 /* Common */ = {
			isa = PBXGroup;
			children = (
				88A0AFDF2671C68200A367A0 /* Alert.swift */,
				884E47202673019600676D83 /* ExtensionUIViewController.swift */,
			);
			path = Common;
			sourceTree = "<group>";
		};
		E6D295E7CBEA33582E2CD712 /* Frameworks */ = {
			isa = PBXGroup;
			children = (
				781FCF422B851F2B74C89803 /* Pods_SnapChat.framework */,
			);
			name = Frameworks;
			sourceTree = "<group>";
		};
/* End PBXGroup section */

/* Begin PBXNativeTarget section */
		88A0AFBF2671A68800A367A0 /* SnapChat */ = {
			isa = PBXNativeTarget;
			buildConfigurationList = 88A0AFD42671A68B00A367A0 /* Build configuration list for PBXNativeTarget "SnapChat" */;
			buildPhases = (
				6B11C6B36BEB6190CB3FF6B9 /* [CP] Check Pods Manifest.lock */,
				88A0AFBC2671A68800A367A0 /* Sources */,
				88A0AFBD2671A68800A367A0 /* Frameworks */,
				88A0AFBE2671A68800A367A0 /* Resources */,
				2A59B8270BCB0DE18789C375 /* [CP] Embed Pods Frameworks */,
			);
			buildRules = (
			);
			dependencies = (
			);
			name = SnapChat;
			productName = SnapChat;
			productReference = 88A0AFC02671A68800A367A0 /* SnapChat.app */;
			productType = "com.apple.product-type.application";
		};
/* End PBXNativeTarget section */

/* Begin PBXProject section */
		88A0AFB82671A68800A367A0 /* Project object */ = {
			isa = PBXProject;
			attributes = {
				LastSwiftUpdateCheck = 1250;
				LastUpgradeCheck = 1250;
				TargetAttributes = {
					88A0AFBF2671A68800A367A0 = {
						CreatedOnToolsVersion = 12.5;
					};
				};
			};
			buildConfigurationList = 88A0AFBB2671A68800A367A0 /* Build configuration list for PBXProject "SnapChat" */;
			compatibilityVersion = "Xcode 9.3";
			developmentRegion = en;
			hasScannedForEncodings = 0;
			knownRegions = (
				en,
				Base,
			);
			mainGroup = 88A0AFB72671A68800A367A0;
			productRefGroup = 88A0AFC12671A68800A367A0 /* Products */;
			projectDirPath = "";
			projectRoot = "";
			targets = (
				88A0AFBF2671A68800A367A0 /* SnapChat */,
			);
		};
/* End PBXProject section */

/* Begin PBXResourcesBuildPhase section */
		88A0AFBE2671A68800A367A0 /* Resources */ = {
			isa = PBXResourcesBuildPhase;
			buildActionMask = 2147483647;
			files = (
				88A0AFD02671A68B00A367A0 /* LaunchScreen.storyboard in Resources */,
				88A0AFD82671A7F100A367A0 /* GoogleService-Info.plist in Resources */,
				88A0AFCD2671A68B00A367A0 /* Assets.xcassets in Resources */,
				88A0AFCB2671A68800A367A0 /* Main.storyboard in Resources */,
			);
			runOnlyForDeploymentPostprocessing = 0;
		};
/* End PBXResourcesBuildPhase section */

/* Begin PBXShellScriptBuildPhase section */
		2A59B8270BCB0DE18789C375 /* [CP] Embed Pods Frameworks */ = {
			isa = PBXShellScriptBuildPhase;
			buildActionMask = 2147483647;
			files = (
			);
			inputFileListPaths = (
				"${PODS_ROOT}/Target Support Files/Pods-SnapChat/Pods-SnapChat-frameworks-${CONFIGURATION}-input-files.xcfilelist",
			);
			name = "[CP] Embed Pods Frameworks";
			outputFileListPaths = (
				"${PODS_ROOT}/Target Support Files/Pods-SnapChat/Pods-SnapChat-frameworks-${CONFIGURATION}-output-files.xcfilelist",
			);
			runOnlyForDeploymentPostprocessing = 0;
			shellPath = /bin/sh;
			shellScript = "\"${PODS_ROOT}/Target Support Files/Pods-SnapChat/Pods-SnapChat-frameworks.sh\"\n";
			showEnvVarsInLog = 0;
		};
		6B11C6B36BEB6190CB3FF6B9 /* [CP] Check Pods Manifest.lock */ = {
			isa = PBXShellScriptBuildPhase;
			buildActionMask = 2147483647;
			files = (
			);
			inputFileListPaths = (
			);
			inputPaths = (
				"${PODS_PODFILE_DIR_PATH}/Podfile.lock",
				"${PODS_ROOT}/Manifest.lock",
			);
			name = "[CP] Check Pods Manifest.lock";
			outputFileListPaths = (
			);
			outputPaths = (
				"$(DERIVED_FILE_DIR)/Pods-SnapChat-checkManifestLockResult.txt",
			);
			runOnlyForDeploymentPostprocessing = 0;
			shellPath = /bin/sh;
			shellScript = "diff \"${PODS_PODFILE_DIR_PATH}/Podfile.lock\" \"${PODS_ROOT}/Manifest.lock\" > /dev/null\nif [ $? != 0 ] ; then\n    # print error to STDERR\n    echo \"error: The sandbox is not in sync with the Podfile.lock. Run 'pod install' or update your CocoaPods installation.\" >&2\n    exit 1\nfi\n# This output is used by Xcode 'outputs' to avoid re-running this script phase.\necho \"SUCCESS\" > \"${SCRIPT_OUTPUT_FILE_0}\"\n";
			showEnvVarsInLog = 0;
		};
/* End PBXShellScriptBuildPhase section */

/* Begin PBXSourcesBuildPhase section */
		88A0AFBC2671A68800A367A0 /* Sources */ = {
			isa = PBXSourcesBuildPhase;
			buildActionMask = 2147483647;
			files = (
				8848508426743EF400C1C74E /* CapturePhotoViewController.swift in Sources */,
				88A0AFE02671C68200A367A0 /* Alert.swift in Sources */,
				88A0AFC82671A68800A367A0 /* HomeViewController.swift in Sources */,
				88485082267437F300C1C74E /* SnapViewController.swift in Sources */,
				88A0AFC42671A68800A367A0 /* AppDelegate.swift in Sources */,
				884E47212673019600676D83 /* ExtensionUIViewController.swift in Sources */,
				88A0AFDD2671B65900A367A0 /* AccountCreateViewController.swift in Sources */,
				88A0AFDB2671B62700A367A0 /* LoginViewController.swift in Sources */,
				88A0AFC62671A68800A367A0 /* SceneDelegate.swift in Sources */,
			);
			runOnlyForDeploymentPostprocessing = 0;
		};
/* End PBXSourcesBuildPhase section */

/* Begin PBXVariantGroup section */
		88A0AFC92671A68800A367A0 /* Main.storyboard */ = {
			isa = PBXVariantGroup;
			children = (
				88A0AFCA2671A68800A367A0 /* Base */,
			);
			name = Main.storyboard;
			sourceTree = "<group>";
		};
		88A0AFCE2671A68B00A367A0 /* LaunchScreen.storyboard */ = {
			isa = PBXVariantGroup;
			children = (
				88A0AFCF2671A68B00A367A0 /* Base */,
			);
			name = LaunchScreen.storyboard;
			sourceTree = "<group>";
		};
/* End PBXVariantGroup section */

/* Begin XCBuildConfiguration section */
		88A0AFD22671A68B00A367A0 /* Debug */ = {
			isa = XCBuildConfiguration;
			buildSettings = {
				ALWAYS_SEARCH_USER_PATHS = NO;
				CLANG_ANALYZER_NONNULL = YES;
				CLANG_ANALYZER_NUMBER_OBJECT_CONVERSION = YES_AGGRESSIVE;
				CLANG_CXX_LANGUAGE_STANDARD = "gnu++14";
				CLANG_CXX_LIBRARY = "libc++";
				CLANG_ENABLE_MODULES = YES;
				CLANG_ENABLE_OBJC_ARC = YES;
				CLANG_ENABLE_OBJC_WEAK = YES;
				CLANG_WARN_BLOCK_CAPTURE_AUTORELEASING = YES;
				CLANG_WARN_BOOL_CONVERSION = YES;
				CLANG_WARN_COMMA = YES;
				CLANG_WARN_CONSTANT_CONVERSION = YES;
				CLANG_WARN_DEPRECATED_OBJC_IMPLEMENTATIONS = YES;
				CLANG_WARN_DIRECT_OBJC_ISA_USAGE = YES_ERROR;
				CLANG_WARN_DOCUMENTATION_COMMENTS = YES;
				CLANG_WARN_EMPTY_BODY = YES;
				CLANG_WARN_ENUM_CONVERSION = YES;
				CLANG_WARN_INFINITE_RECURSION = YES;
				CLANG_WARN_INT_CONVERSION = YES;
				CLANG_WARN_NON_LITERAL_NULL_CONVERSION = YES;
				CLANG_WARN_OBJC_IMPLICIT_RETAIN_SELF = YES;
				CLANG_WARN_OBJC_LITERAL_CONVERSION = YES;
				CLANG_WARN_OBJC_ROOT_CLASS = YES_ERROR;
				CLANG_WARN_QUOTED_INCLUDE_IN_FRAMEWORK_HEADER = YES;
				CLANG_WARN_RANGE_LOOP_ANALYSIS = YES;
				CLANG_WARN_STRICT_PROTOTYPES = YES;
				CLANG_WARN_SUSPICIOUS_MOVE = YES;
				CLANG_WARN_UNGUARDED_AVAILABILITY = YES_AGGRESSIVE;
				CLANG_WARN_UNREACHABLE_CODE = YES;
				CLANG_WARN__DUPLICATE_METHOD_MATCH = YES;
				COPY_PHASE_STRIP = NO;
				DEBUG_INFORMATION_FORMAT = dwarf;
				ENABLE_STRICT_OBJC_MSGSEND = YES;
				ENABLE_TESTABILITY = YES;
				GCC_C_LANGUAGE_STANDARD = gnu11;
				GCC_DYNAMIC_NO_PIC = NO;
				GCC_NO_COMMON_BLOCKS = YES;
				GCC_OPTIMIZATION_LEVEL = 0;
				GCC_PREPROCESSOR_DEFINITIONS = (
					"DEBUG=1",
					"$(inherited)",
				);
				GCC_WARN_64_TO_32_BIT_CONVERSION = YES;
				GCC_WARN_ABOUT_RETURN_TYPE = YES_ERROR;
				GCC_WARN_UNDECLARED_SELECTOR = YES;
				GCC_WARN_UNINITIALIZED_AUTOS = YES_AGGRESSIVE;
				GCC_WARN_UNUSED_FUNCTION = YES;
				GCC_WARN_UNUSED_VARIABLE = YES;
				IPHONEOS_DEPLOYMENT_TARGET = 14.5;
				MTL_ENABLE_DEBUG_INFO = INCLUDE_SOURCE;
				MTL_FAST_MATH = YES;
				ONLY_ACTIVE_ARCH = YES;
				SDKROOT = iphoneos;
				SWIFT_ACTIVE_COMPILATION_CONDITIONS = DEBUG;
				SWIFT_OPTIMIZATION_LEVEL = "-Onone";
			};
			name = Debug;
		};
		88A0AFD32671A68B00A367A0 /* Release */ = {
			isa = XCBuildConfiguration;
			buildSettings = {
				ALWAYS_SEARCH_USER_PATHS = NO;
				CLANG_ANALYZER_NONNULL = YES;
				CLANG_ANALYZER_NUMBER_OBJECT_CONVERSION = YES_AGGRESSIVE;
				CLANG_CXX_LANGUAGE_STANDARD = "gnu++14";
				CLANG_CXX_LIBRARY = "libc++";
				CLANG_ENABLE_MODULES = YES;
				CLANG_ENABLE_OBJC_ARC = YES;
				CLANG_ENABLE_OBJC_WEAK = YES;
				CLANG_WARN_BLOCK_CAPTURE_AUTORELEASING = YES;
				CLANG_WARN_BOOL_CONVERSION = YES;
				CLANG_WARN_COMMA = YES;
				CLANG_WARN_CONSTANT_CONVERSION = YES;
				CLANG_WARN_DEPRECATED_OBJC_IMPLEMENTATIONS = YES;
				CLANG_WARN_DIRECT_OBJC_ISA_USAGE = YES_ERROR;
				CLANG_WARN_DOCUMENTATION_COMMENTS = YES;
				CLANG_WARN_EMPTY_BODY = YES;
				CLANG_WARN_ENUM_CONVERSION = YES;
				CLANG_WARN_INFINITE_RECURSION = YES;
				CLANG_WARN_INT_CONVERSION = YES;
				CLANG_WARN_NON_LITERAL_NULL_CONVERSION = YES;
				CLANG_WARN_OBJC_IMPLICIT_RETAIN_SELF = YES;
				CLANG_WARN_OBJC_LITERAL_CONVERSION = YES;
				CLANG_WARN_OBJC_ROOT_CLASS = YES_ERROR;
				CLANG_WARN_QUOTED_INCLUDE_IN_FRAMEWORK_HEADER = YES;
				CLANG_WARN_RANGE_LOOP_ANALYSIS = YES;
				CLANG_WARN_STRICT_PROTOTYPES = YES;
				CLANG_WARN_SUSPICIOUS_MOVE = YES;
				CLANG_WARN_UNGUARDED_AVAILABILITY = YES_AGGRESSIVE;
				CLANG_WARN_UNREACHABLE_CODE = YES;
				CLANG_WARN__DUPLICATE_METHOD_MATCH = YES;
				COPY_PHASE_STRIP = NO;
				DEBUG_INFORMATION_FORMAT = "dwarf-with-dsym";
				ENABLE_NS_ASSERTIONS = NO;
				ENABLE_STRICT_OBJC_MSGSEND = YES;
				GCC_C_LANGUAGE_STANDARD = gnu11;
				GCC_NO_COMMON_BLOCKS = YES;
				GCC_WARN_64_TO_32_BIT_CONVERSION = YES;
				GCC_WARN_ABOUT_RETURN_TYPE = YES_ERROR;
				GCC_WARN_UNDECLARED_SELECTOR = YES;
				GCC_WARN_UNINITIALIZED_AUTOS = YES_AGGRESSIVE;
				GCC_WARN_UNUSED_FUNCTION = YES;
				GCC_WARN_UNUSED_VARIABLE = YES;
				IPHONEOS_DEPLOYMENT_TARGET = 14.5;
				MTL_ENABLE_DEBUG_INFO = NO;
				MTL_FAST_MATH = YES;
				SDKROOT = iphoneos;
				SWIFT_COMPILATION_MODE = wholemodule;
				SWIFT_OPTIMIZATION_LEVEL = "-O";
				VALIDATE_PRODUCT = YES;
			};
			name = Release;
		};
		88A0AFD52671A68B00A367A0 /* Debug */ = {
			isa = XCBuildConfiguration;
			baseConfigurationReference = 604AB6F547CE4DF607D699ED /* Pods-SnapChat.debug.xcconfig */;
			buildSettings = {
				ASSETCATALOG_COMPILER_APPICON_NAME = AppIcon;
				ASSETCATALOG_COMPILER_GLOBAL_ACCENT_COLOR_NAME = AccentColor;
				CODE_SIGN_ENTITLEMENTS = SnapChat/SnapChat.entitlements;
				CODE_SIGN_STYLE = Automatic;
				DEVELOPMENT_TEAM = J89XP6WQS5;
				INFOPLIST_FILE = SnapChat/Info.plist;
				LD_RUNPATH_SEARCH_PATHS = (
					"$(inherited)",
					"@executable_path/Frameworks",
				);
				PRODUCT_BUNDLE_IDENTIFIER = br.com.vierrra.SnapChat;
				PRODUCT_NAME = "$(TARGET_NAME)";
				SWIFT_VERSION = 5.0;
				TARGETED_DEVICE_FAMILY = "1,2";
			};
			name = Debug;
		};
		88A0AFD62671A68B00A367A0 /* Release */ = {
			isa = XCBuildConfiguration;
			baseConfigurationReference = DBA3B57E9F0757247F3DD1C4 /* Pods-SnapChat.release.xcconfig */;
			buildSettings = {
				ASSETCATALOG_COMPILER_APPICON_NAME = AppIcon;
				ASSETCATALOG_COMPILER_GLOBAL_ACCENT_COLOR_NAME = AccentColor;
				CODE_SIGN_ENTITLEMENTS = SnapChat/SnapChat.entitlements;
				CODE_SIGN_STYLE = Automatic;
				DEVELOPMENT_TEAM = J89XP6WQS5;
				INFOPLIST_FILE = SnapChat/Info.plist;
				LD_RUNPATH_SEARCH_PATHS = (
					"$(inherited)",
					"@executable_path/Frameworks",
				);
				PRODUCT_BUNDLE_IDENTIFIER = br.com.vierrra.SnapChat;
				PRODUCT_NAME = "$(TARGET_NAME)";
				SWIFT_VERSION = 5.0;
				TARGETED_DEVICE_FAMILY = "1,2";
			};
			name = Release;
		};
/* End XCBuildConfiguration section */

/* Begin XCConfigurationList section */
		88A0AFBB2671A68800A367A0 /* Build configuration list for PBXProject "SnapChat" */ = {
			isa = XCConfigurationList;
			buildConfigurations = (
				88A0AFD22671A68B00A367A0 /* Debug */,
				88A0AFD32671A68B00A367A0 /* Release */,
			);
			defaultConfigurationIsVisible = 0;
			defaultConfigurationName = Release;
		};
		88A0AFD42671A68B00A367A0 /* Build configuration list for PBXNativeTarget "SnapChat" */ = {
			isa = XCConfigurationList;
			buildConfigurations = (
				88A0AFD52671A68B00A367A0 /* Debug */,
				88A0AFD62671A68B00A367A0 /* Release */,
			);
			defaultConfigurationIsVisible = 0;
			defaultConfigurationName = Release;
		};
/* End XCConfigurationList section */
	};
	rootObject = 88A0AFB82671A68800A367A0 /* Project object */;
}
